github.com/BHunter2889/da-fish-alexa v0.0.0-20181128203011-3dc93162c389 h1:5QH/3nY5Cvyc4Brmham+mDtXLolCjVlHYa/2mmX5fhc=
github.com/BHunter2889/go-alexa-devkit v0.0.0-20190828033711-0dab62ff84e4 h1:7tHhPM9V2s2CKmYl+JandMLCW/yx63OeyHWMZeeM+TU=
github.com/BHunter2889/go-alexa-devkit v0.0.0-20190828033711-0dab62ff84e4/go.mod h1:/tuP7of7OBAtsjQSwE67pXMB2coB86Q3xWXN89TYmhQ=
